
Microsoft Visual Studio Solution File, Format Version 12.00
# Visual Studio Version 17
VisualStudioVersion = 17.11.35327.3
MinimumVisualStudioVersion = 10.0.40219.1
Project("{FAE04EC0-301F-11D3-BF4B-00C04F79EFBC}") = "zad1", "zad1\zad1.csproj", "{FB53364E-A3FE-4B92-8906-6DA524C61023}"
EndProject
Global
	GlobalSection(SolutionConfigurationPlatforms) = preSolution
		Debug|Any CPU = Debug|Any CPU
		Release|Any CPU = Release|Any CPU
	EndGlobalSection
	GlobalSection(ProjectConfigurationPlatforms) = postSolution
		{FB53364E-A3FE-4B92-8906-6DA524C61023}.Debug|Any CPU.ActiveCfg = Debug|Any CPU
		{FB53364E-A3FE-4B92-8906-6DA524C61023}.Debug|Any CPU.Build.0 = Debug|Any CPU
		{FB53364E-A3FE-4B92-8906-6DA524C61023}.Release|Any CPU.ActiveCfg = Release|Any CPU
		{FB53364E-A3FE-4B92-8906-6DA524C61023}.Release|Any CPU.Build.0 = Release|Any CPU
	EndGlobalSection
	GlobalSection(SolutionProperties) = preSolution
		HideSolutionNode = FALSE
	EndGlobalSection
	GlobalSection(ExtensibilityGlobals) = postSolution
		SolutionGuid = {BFE7EB24-6541-42E9-A0AF-A3FAA6712CA8}
	EndGlobalSection
EndGlobal
